
Microsoft Visual Studio Solution File, Format Version 12.00
# Visual Studio 15
VisualStudioVersion = 15.0.27004.2002
MinimumVisualStudioVersion = 10.0.40219.1
Project("{FAE04EC0-301F-11D3-BF4B-00C04F79EFBC}") = "TARGITD3FOConnectionManager", "D3FOConnectionManager\TARGITD3FOConnectionManager.csproj", "{7F791BAC-9A89-498B-9D0E-FFA02E8CBBEC}"
EndProject
Project("{FAE04EC0-301F-11D3-BF4B-00C04F79EFBC}") = "TARGITD3FOConnectionManagerUI", "D3FOConnectionManagerUI\TARGITD3FOConnectionManagerUI.csproj", "{D9E9F29A-532F-4186-805D-F87B6E7DFA98}"
EndProject
Project("{FAE04EC0-301F-11D3-BF4B-00C04F79EFBC}") = "TARGITD3FODataReader", "TARGITD3FODataReader\TARGITD3FODataReader.csproj", "{7433374F-DA8F-40F9-91A6-0CC3B7DE9A89}"
EndProject
Global
	GlobalSection(SolutionConfigurationPlatforms) = preSolution
		Debug|Any CPU = Debug|Any CPU
		Release|Any CPU = Release|Any CPU
	EndGlobalSection
	GlobalSection(ProjectConfigurationPlatforms) = postSolution
		{7F791BAC-9A89-498B-9D0E-FFA02E8CBBEC}.Debug|Any CPU.ActiveCfg = Debug|Any CPU
		{7F791BAC-9A89-498B-9D0E-FFA02E8CBBEC}.Debug|Any CPU.Build.0 = Debug|Any CPU
		{7F791BAC-9A89-498B-9D0E-FFA02E8CBBEC}.Release|Any CPU.ActiveCfg = Release|Any CPU
		{7F791BAC-9A89-498B-9D0E-FFA02E8CBBEC}.Release|Any CPU.Build.0 = Release|Any CPU
		{D9E9F29A-532F-4186-805D-F87B6E7DFA98}.Debug|Any CPU.ActiveCfg = Debug|Any CPU
		{D9E9F29A-532F-4186-805D-F87B6E7DFA98}.Debug|Any CPU.Build.0 = Debug|Any CPU
		{D9E9F29A-532F-4186-805D-F87B6E7DFA98}.Release|Any CPU.ActiveCfg = Release|Any CPU
		{D9E9F29A-532F-4186-805D-F87B6E7DFA98}.Release|Any CPU.Build.0 = Release|Any CPU
		{7433374F-DA8F-40F9-91A6-0CC3B7DE9A89}.Debug|Any CPU.ActiveCfg = Debug|Any CPU
		{7433374F-DA8F-40F9-91A6-0CC3B7DE9A89}.Debug|Any CPU.Build.0 = Debug|Any CPU
		{7433374F-DA8F-40F9-91A6-0CC3B7DE9A89}.Release|Any CPU.ActiveCfg = Release|Any CPU
		{7433374F-DA8F-40F9-91A6-0CC3B7DE9A89}.Release|Any CPU.Build.0 = Release|Any CPU
	EndGlobalSection
	GlobalSection(SolutionProperties) = preSolution
		HideSolutionNode = FALSE
	EndGlobalSection
	GlobalSection(ExtensibilityGlobals) = postSolution
		SolutionGuid = {2005F9C1-B020-44A8-88D4-60079BCD398B}
	EndGlobalSection
EndGlobal
